
Microsoft Visual Studio Solution File, Format Version 12.00
# Visual Studio Version 17
VisualStudioVersion = 17.1.32407.343
MinimumVisualStudioVersion = 10.0.40219.1
Project("{2150E333-8FDC-42A3-9474-1A3956D46DE8}") = "src", "src", "{DAD5F0FF-3750-43BC-AFEE-9418EA1B9B49}"
EndProject
Project("{2150E333-8FDC-42A3-9474-1A3956D46DE8}") = "Doc", "Doc", "{8FF72193-7D1F-4377-BCBC-447A152634E0}"
	ProjectSection(SolutionItems) = preProject
		ConfigNotes.txt = ConfigNotes.txt
	EndProjectSection
EndProject
Project("{2150E333-8FDC-42A3-9474-1A3956D46DE8}") = "Test", "Test", "{CC65D1EF-14B6-4B5D-B344-38A16553BE7D}"
EndProject
Project("{2150E333-8FDC-42A3-9474-1A3956D46DE8}") = "Core", "Core", "{5CCBD69E-7149-4C3C-801C-9A8A48714305}"
EndProject
Project("{2150E333-8FDC-42A3-9474-1A3956D46DE8}") = "Infrastructure", "Infrastructure", "{6A7D3DC6-B009-44D0-9911-79E6D2B93133}"
EndProject
Project("{FAE04EC0-301F-11D3-BF4B-00C04F79EFBC}") = "Tsetmc.Domain", "Tsetmc.Domain\Tsetmc.Domain.csproj", "{6D4996CE-2798-4652-8801-141BF5F78845}"
EndProject
Project("{FAE04EC0-301F-11D3-BF4B-00C04F79EFBC}") = "Tsetmc.Application", "Tsetmc.Application\Tsetmc.Application.csproj", "{985969F1-E6B7-451E-A188-8DCB4A9BFE3F}"
EndProject
Project("{FAE04EC0-301F-11D3-BF4B-00C04F79EFBC}") = "Tsetmc.Persistence", "Tsetmc.Persistence\Tsetmc.Persistence.csproj", "{7E4D4688-982E-458F-B697-F09CA227AAB7}"
EndProject
Project("{FAE04EC0-301F-11D3-BF4B-00C04F79EFBC}") = "Tsetmc.Infrastructure", "Tsetmc.Infrastructure\Tsetmc.Infrastructure.csproj", "{607F1EFE-AB6F-4460-B559-B6557348A7F7}"
EndProject
Project("{2150E333-8FDC-42A3-9474-1A3956D46DE8}") = "Presentation", "Presentation", "{AA221F90-4511-4E6B-82A1-6B3D2BD7FCD6}"
EndProject
Project("{FAE04EC0-301F-11D3-BF4B-00C04F79EFBC}") = "Endpoint.TsetmcApi", "Endpoint.TsetmcApi\Endpoint.TsetmcApi.csproj", "{674DD08E-76F7-4166-BC0D-4ECFE092EBCA}"
EndProject
Global
	GlobalSection(SolutionConfigurationPlatforms) = preSolution
		Debug|Any CPU = Debug|Any CPU
		Release|Any CPU = Release|Any CPU
	EndGlobalSection
	GlobalSection(ProjectConfigurationPlatforms) = postSolution
		{6D4996CE-2798-4652-8801-141BF5F78845}.Debug|Any CPU.ActiveCfg = Debug|Any CPU
		{6D4996CE-2798-4652-8801-141BF5F78845}.Debug|Any CPU.Build.0 = Debug|Any CPU
		{6D4996CE-2798-4652-8801-141BF5F78845}.Release|Any CPU.ActiveCfg = Release|Any CPU
		{6D4996CE-2798-4652-8801-141BF5F78845}.Release|Any CPU.Build.0 = Release|Any CPU
		{985969F1-E6B7-451E-A188-8DCB4A9BFE3F}.Debug|Any CPU.ActiveCfg = Debug|Any CPU
		{985969F1-E6B7-451E-A188-8DCB4A9BFE3F}.Debug|Any CPU.Build.0 = Debug|Any CPU
		{985969F1-E6B7-451E-A188-8DCB4A9BFE3F}.Release|Any CPU.ActiveCfg = Release|Any CPU
		{985969F1-E6B7-451E-A188-8DCB4A9BFE3F}.Release|Any CPU.Build.0 = Release|Any CPU
		{7E4D4688-982E-458F-B697-F09CA227AAB7}.Debug|Any CPU.ActiveCfg = Debug|Any CPU
		{7E4D4688-982E-458F-B697-F09CA227AAB7}.Debug|Any CPU.Build.0 = Debug|Any CPU
		{7E4D4688-982E-458F-B697-F09CA227AAB7}.Release|Any CPU.ActiveCfg = Release|Any CPU
		{7E4D4688-982E-458F-B697-F09CA227AAB7}.Release|Any CPU.Build.0 = Release|Any CPU
		{607F1EFE-AB6F-4460-B559-B6557348A7F7}.Debug|Any CPU.ActiveCfg = Debug|Any CPU
		{607F1EFE-AB6F-4460-B559-B6557348A7F7}.Debug|Any CPU.Build.0 = Debug|Any CPU
		{607F1EFE-AB6F-4460-B559-B6557348A7F7}.Release|Any CPU.ActiveCfg = Release|Any CPU
		{607F1EFE-AB6F-4460-B559-B6557348A7F7}.Release|Any CPU.Build.0 = Release|Any CPU
		{674DD08E-76F7-4166-BC0D-4ECFE092EBCA}.Debug|Any CPU.ActiveCfg = Debug|Any CPU
		{674DD08E-76F7-4166-BC0D-4ECFE092EBCA}.Debug|Any CPU.Build.0 = Debug|Any CPU
		{674DD08E-76F7-4166-BC0D-4ECFE092EBCA}.Release|Any CPU.ActiveCfg = Release|Any CPU
		{674DD08E-76F7-4166-BC0D-4ECFE092EBCA}.Release|Any CPU.Build.0 = Release|Any CPU
	EndGlobalSection
	GlobalSection(SolutionProperties) = preSolution
		HideSolutionNode = FALSE
	EndGlobalSection
	GlobalSection(NestedProjects) = preSolution
		{5CCBD69E-7149-4C3C-801C-9A8A48714305} = {DAD5F0FF-3750-43BC-AFEE-9418EA1B9B49}
		{6A7D3DC6-B009-44D0-9911-79E6D2B93133} = {DAD5F0FF-3750-43BC-AFEE-9418EA1B9B49}
		{6D4996CE-2798-4652-8801-141BF5F78845} = {5CCBD69E-7149-4C3C-801C-9A8A48714305}
		{985969F1-E6B7-451E-A188-8DCB4A9BFE3F} = {5CCBD69E-7149-4C3C-801C-9A8A48714305}
		{7E4D4688-982E-458F-B697-F09CA227AAB7} = {6A7D3DC6-B009-44D0-9911-79E6D2B93133}
		{607F1EFE-AB6F-4460-B559-B6557348A7F7} = {6A7D3DC6-B009-44D0-9911-79E6D2B93133}
		{AA221F90-4511-4E6B-82A1-6B3D2BD7FCD6} = {DAD5F0FF-3750-43BC-AFEE-9418EA1B9B49}
		{674DD08E-76F7-4166-BC0D-4ECFE092EBCA} = {AA221F90-4511-4E6B-82A1-6B3D2BD7FCD6}
	EndGlobalSection
	GlobalSection(ExtensibilityGlobals) = postSolution
		SolutionGuid = {0EC1DFA2-FF4C-4BD4-AF77-63D2DB77BBE9}
	EndGlobalSection
EndGlobal
